
Microsoft Visual Studio Solution File, Format Version 12.00
# Visual Studio Version 16
VisualStudioVersion = 16.0.31005.135
MinimumVisualStudioVersion = 10.0.40219.1
Project("{FAE04EC0-301F-11D3-BF4B-00C04F79EFBC}") = "PixelBuildersDanielCutts", "PixelBuildersDanielCutts\PixelBuildersDanielCutts.csproj", "{28F4EE00-34C0-4089-B2BC-7F98C355B8B1}"
EndProject
Global
	GlobalSection(SolutionConfigurationPlatforms) = preSolution
		Debug|Any CPU = Debug|Any CPU
		Release|Any CPU = Release|Any CPU
	EndGlobalSection
	GlobalSection(ProjectConfigurationPlatforms) = postSolution
		{28F4EE00-34C0-4089-B2BC-7F98C355B8B1}.Debug|Any CPU.ActiveCfg = Debug|Any CPU
		{28F4EE00-34C0-4089-B2BC-7F98C355B8B1}.Debug|Any CPU.Build.0 = Debug|Any CPU
		{28F4EE00-34C0-4089-B2BC-7F98C355B8B1}.Release|Any CPU.ActiveCfg = Release|Any CPU
		{28F4EE00-34C0-4089-B2BC-7F98C355B8B1}.Release|Any CPU.Build.0 = Release|Any CPU
	EndGlobalSection
	GlobalSection(SolutionProperties) = preSolution
		HideSolutionNode = FALSE
	EndGlobalSection
	GlobalSection(ExtensibilityGlobals) = postSolution
		SolutionGuid = {8F8DB39C-3564-4AD9-80DB-661986DC32AB}
	EndGlobalSection
EndGlobal
